
Microsoft Visual Studio Solution File, Format Version 12.00
# Visual Studio Version 16
VisualStudioVersion = 16.0.30804.86
MinimumVisualStudioVersion = 10.0.40219.1
Project("{FAE04EC0-301F-11D3-BF4B-00C04F79EFBC}") = "Lab1WebAPI", "Lab1WebAPI\Lab1WebAPI.csproj", "{DE44183F-AC07-4ECB-A493-E17FC6AC7F27}"
EndProject
Project("{FAE04EC0-301F-11D3-BF4B-00C04F79EFBC}") = "Lab1WebApp", "Lab1WebApp\Lab1WebApp.csproj", "{5FE2A5D4-233D-4774-BC75-18BC4B018223}"
EndProject
Global
	GlobalSection(SolutionConfigurationPlatforms) = preSolution
		Debug|Any CPU = Debug|Any CPU
		Release|Any CPU = Release|Any CPU
	EndGlobalSection
	GlobalSection(ProjectConfigurationPlatforms) = postSolution
		{DE44183F-AC07-4ECB-A493-E17FC6AC7F27}.Debug|Any CPU.ActiveCfg = Debug|Any CPU
		{DE44183F-AC07-4ECB-A493-E17FC6AC7F27}.Debug|Any CPU.Build.0 = Debug|Any CPU
		{DE44183F-AC07-4ECB-A493-E17FC6AC7F27}.Release|Any CPU.ActiveCfg = Release|Any CPU
		{DE44183F-AC07-4ECB-A493-E17FC6AC7F27}.Release|Any CPU.Build.0 = Release|Any CPU
		{5FE2A5D4-233D-4774-BC75-18BC4B018223}.Debug|Any CPU.ActiveCfg = Debug|Any CPU
		{5FE2A5D4-233D-4774-BC75-18BC4B018223}.Debug|Any CPU.Build.0 = Debug|Any CPU
		{5FE2A5D4-233D-4774-BC75-18BC4B018223}.Release|Any CPU.ActiveCfg = Release|Any CPU
		{5FE2A5D4-233D-4774-BC75-18BC4B018223}.Release|Any CPU.Build.0 = Release|Any CPU
	EndGlobalSection
	GlobalSection(SolutionProperties) = preSolution
		HideSolutionNode = FALSE
	EndGlobalSection
	GlobalSection(ExtensibilityGlobals) = postSolution
		SolutionGuid = {F56F601E-3577-4FFC-9629-B334C2609281}
	EndGlobalSection
EndGlobal
