
Microsoft Visual Studio Solution File, Format Version 12.00
# Visual Studio Version 16
VisualStudioVersion = 16.0.30804.86
MinimumVisualStudioVersion = 10.0.40219.1
Project("{9A19103F-16F7-4668-BE54-9A1E7A4F7556}") = "Lab1WebAPI", "Lab1WebAPI\Lab1WebAPI.csproj", "{DE44183F-AC07-4ECB-A493-E17FC6AC7F27}"
EndProject
Project("{9A19103F-16F7-4668-BE54-9A1E7A4F7556}") = "Lab1WebApp", "Lab1WebApp\Lab1WebApp.csproj", "{5FE2A5D4-233D-4774-BC75-18BC4B018223}"
EndProject
Project("{9A19103F-16F7-4668-BE54-9A1E7A4F7556}") = "Lab2WebAPI", "Lab2WebAPI\Lab2WebAPI.csproj", "{A7686665-A0D4-488A-9E98-BA474ABC0701}"
EndProject
Project("{9A19103F-16F7-4668-BE54-9A1E7A4F7556}") = "Lab2WebApp", "Lab2WebApp\Lab2WebApp.csproj", "{805CD018-3323-4895-A71C-3EC644792490}"
EndProject
Project("{9A19103F-16F7-4668-BE54-9A1E7A4F7556}") = "Lab3WebAPI", "Lab3WebAPI\Lab3WebAPI.csproj", "{1E506E6B-0F1E-4E26-9B2F-D1E540C86BCC}"
EndProject
Project("{9A19103F-16F7-4668-BE54-9A1E7A4F7556}") = "Lab3WebApp", "Lab3WebApp\Lab3WebApp.csproj", "{FB036989-73E0-4EEA-B61B-083479648517}"
EndProject
Project("{FAE04EC0-301F-11D3-BF4B-00C04F79EFBC}") = "HBNYAPI", "HBNYAPI\HBNYAPI.csproj", "{BF74B827-3DBE-4937-9459-D8815C45520B}"
EndProject
Project("{FAE04EC0-301F-11D3-BF4B-00C04F79EFBC}") = "HBNYAPP", "HBNYAPP\HBNYAPP.csproj", "{A5DABC5B-F2DB-4D35-BDAC-E3309D86501A}"
EndProject
Global
	GlobalSection(SolutionConfigurationPlatforms) = preSolution
		Debug|Any CPU = Debug|Any CPU
		Release|Any CPU = Release|Any CPU
	EndGlobalSection
	GlobalSection(ProjectConfigurationPlatforms) = postSolution
		{DE44183F-AC07-4ECB-A493-E17FC6AC7F27}.Debug|Any CPU.ActiveCfg = Debug|Any CPU
		{DE44183F-AC07-4ECB-A493-E17FC6AC7F27}.Debug|Any CPU.Build.0 = Debug|Any CPU
		{DE44183F-AC07-4ECB-A493-E17FC6AC7F27}.Release|Any CPU.ActiveCfg = Release|Any CPU
		{DE44183F-AC07-4ECB-A493-E17FC6AC7F27}.Release|Any CPU.Build.0 = Release|Any CPU
		{5FE2A5D4-233D-4774-BC75-18BC4B018223}.Debug|Any CPU.ActiveCfg = Debug|Any CPU
		{5FE2A5D4-233D-4774-BC75-18BC4B018223}.Debug|Any CPU.Build.0 = Debug|Any CPU
		{5FE2A5D4-233D-4774-BC75-18BC4B018223}.Release|Any CPU.ActiveCfg = Release|Any CPU
		{5FE2A5D4-233D-4774-BC75-18BC4B018223}.Release|Any CPU.Build.0 = Release|Any CPU
		{A7686665-A0D4-488A-9E98-BA474ABC0701}.Debug|Any CPU.ActiveCfg = Debug|Any CPU
		{A7686665-A0D4-488A-9E98-BA474ABC0701}.Debug|Any CPU.Build.0 = Debug|Any CPU
		{A7686665-A0D4-488A-9E98-BA474ABC0701}.Release|Any CPU.ActiveCfg = Release|Any CPU
		{A7686665-A0D4-488A-9E98-BA474ABC0701}.Release|Any CPU.Build.0 = Release|Any CPU
		{805CD018-3323-4895-A71C-3EC644792490}.Debug|Any CPU.ActiveCfg = Debug|Any CPU
		{805CD018-3323-4895-A71C-3EC644792490}.Debug|Any CPU.Build.0 = Debug|Any CPU
		{805CD018-3323-4895-A71C-3EC644792490}.Release|Any CPU.ActiveCfg = Release|Any CPU
		{805CD018-3323-4895-A71C-3EC644792490}.Release|Any CPU.Build.0 = Release|Any CPU
		{1E506E6B-0F1E-4E26-9B2F-D1E540C86BCC}.Debug|Any CPU.ActiveCfg = Debug|Any CPU
		{1E506E6B-0F1E-4E26-9B2F-D1E540C86BCC}.Debug|Any CPU.Build.0 = Debug|Any CPU
		{1E506E6B-0F1E-4E26-9B2F-D1E540C86BCC}.Release|Any CPU.ActiveCfg = Release|Any CPU
		{1E506E6B-0F1E-4E26-9B2F-D1E540C86BCC}.Release|Any CPU.Build.0 = Release|Any CPU
		{FB036989-73E0-4EEA-B61B-083479648517}.Debug|Any CPU.ActiveCfg = Debug|Any CPU
		{FB036989-73E0-4EEA-B61B-083479648517}.Debug|Any CPU.Build.0 = Debug|Any CPU
		{FB036989-73E0-4EEA-B61B-083479648517}.Release|Any CPU.ActiveCfg = Release|Any CPU
		{FB036989-73E0-4EEA-B61B-083479648517}.Release|Any CPU.Build.0 = Release|Any CPU
		{BF74B827-3DBE-4937-9459-D8815C45520B}.Debug|Any CPU.ActiveCfg = Debug|Any CPU
		{BF74B827-3DBE-4937-9459-D8815C45520B}.Debug|Any CPU.Build.0 = Debug|Any CPU
		{BF74B827-3DBE-4937-9459-D8815C45520B}.Release|Any CPU.ActiveCfg = Release|Any CPU
		{BF74B827-3DBE-4937-9459-D8815C45520B}.Release|Any CPU.Build.0 = Release|Any CPU
		{A5DABC5B-F2DB-4D35-BDAC-E3309D86501A}.Debug|Any CPU.ActiveCfg = Debug|Any CPU
		{A5DABC5B-F2DB-4D35-BDAC-E3309D86501A}.Debug|Any CPU.Build.0 = Debug|Any CPU
		{A5DABC5B-F2DB-4D35-BDAC-E3309D86501A}.Release|Any CPU.ActiveCfg = Release|Any CPU
		{A5DABC5B-F2DB-4D35-BDAC-E3309D86501A}.Release|Any CPU.Build.0 = Release|Any CPU
	EndGlobalSection
	GlobalSection(SolutionProperties) = preSolution
		HideSolutionNode = FALSE
	EndGlobalSection
	GlobalSection(ExtensibilityGlobals) = postSolution
		SolutionGuid = {F56F601E-3577-4FFC-9629-B334C2609281}
	EndGlobalSection
EndGlobal
