
Microsoft Visual Studio Solution File, Format Version 12.00
# Visual Studio Version 16
VisualStudioVersion = 16.0.30804.86
MinimumVisualStudioVersion = 10.0.40219.1
Project("{9A19103F-16F7-4668-BE54-9A1E7A4F7556}") = "Lab1WebAPI", "Lab1WebAPI\Lab1WebAPI.csproj", "{DE44183F-AC07-4ECB-A493-E17FC6AC7F27}"
EndProject
Project("{9A19103F-16F7-4668-BE54-9A1E7A4F7556}") = "Lab1WebApp", "Lab1WebApp\Lab1WebApp.csproj", "{5FE2A5D4-233D-4774-BC75-18BC4B018223}"
EndProject
Project("{9A19103F-16F7-4668-BE54-9A1E7A4F7556}") = "Lab2WebAPI", "Lab2WebAPI\Lab2WebAPI.csproj", "{A7686665-A0D4-488A-9E98-BA474ABC0701}"
EndProject
Project("{9A19103F-16F7-4668-BE54-9A1E7A4F7556}") = "Lab2WebApp", "Lab2WebApp\Lab2WebApp.csproj", "{805CD018-3323-4895-A71C-3EC644792490}"
EndProject
Project("{9A19103F-16F7-4668-BE54-9A1E7A4F7556}") = "Lab3WebAPI", "Lab3WebAPI\Lab3WebAPI.csproj", "{1E506E6B-0F1E-4E26-9B2F-D1E540C86BCC}"
EndProject
Project("{9A19103F-16F7-4668-BE54-9A1E7A4F7556}") = "Lab3WebApp", "Lab3WebApp\Lab3WebApp.csproj", "{FB036989-73E0-4EEA-B61B-083479648517}"
EndProject
Project("{9A19103F-16F7-4668-BE54-9A1E7A4F7556}") = "HBNYAPI", "HBNYAPI\HBNYAPI.csproj", "{BF74B827-3DBE-4937-9459-D8815C45520B}"
EndProject
Project("{9A19103F-16F7-4668-BE54-9A1E7A4F7556}") = "HBNYAPP", "HBNYAPP\HBNYAPP.csproj", "{A5DABC5B-F2DB-4D35-BDAC-E3309D86501A}"
EndProject
Project("{9A19103F-16F7-4668-BE54-9A1E7A4F7556}") = "Lab5WebAPP", "Lab5WebAPP\Lab5WebAPP.csproj", "{D16D04B1-0166-47C2-9EC0-08D036B36A1E}"
EndProject
Project("{9A19103F-16F7-4668-BE54-9A1E7A4F7556}") = "Lab5WebAPI", "Lab5WebAPI\Lab5WebAPI.csproj", "{EB7B8B8C-8511-4E83-8F6B-74BA55CC418A}"
EndProject
Project("{FAE04EC0-301F-11D3-BF4B-00C04F79EFBC}") = "Lab6WCF", "Lab6WCF\Lab6WCF.csproj", "{754F2704-1E57-41D7-A693-52527E6FED8E}"
EndProject
Project("{9A19103F-16F7-4668-BE54-9A1E7A4F7556}") = "Lab6WebAPP", "Lab6WebAPP\Lab6WebAPP.csproj", "{CCE37667-232A-49A9-AF0D-C752E3E4ADBC}"
EndProject
Project("{9A19103F-16F7-4668-BE54-9A1E7A4F7556}") = "Pretest_EAPWepAPI", "Pretest_EAPWepAPI\Pretest_EAPWepAPI.csproj", "{258F0F56-0E47-4F43-AACE-6935C62A2CEF}"
EndProject
Project("{9A19103F-16F7-4668-BE54-9A1E7A4F7556}") = "Pretest_EAPWebAPP", "Pretest_EAPWebAPP\Pretest_EAPWebAPP.csproj", "{4B06EA18-7585-4009-902A-2245139241C2}"
EndProject
Project("{FAE04EC0-301F-11D3-BF4B-00C04F79EFBC}") = "Lab7WCF", "Lab7WCF\Lab7WCF.csproj", "{4C8AE7AF-E216-45B1-AF4B-FEA3D320C53F}"
EndProject
Project("{9A19103F-16F7-4668-BE54-9A1E7A4F7556}") = "Lab7WebAPP", "Lab7WebAPP\Lab7WebAPP.csproj", "{4C47F366-4E3D-4100-80C0-D62D30219B8B}"
EndProject
Project("{FAE04EC0-301F-11D3-BF4B-00C04F79EFBC}") = "TestWCF", "TestWCF\TestWCF.csproj", "{2B22CFFB-4058-40E6-941C-2C9A6FC6EAC2}"
EndProject
Project("{9A19103F-16F7-4668-BE54-9A1E7A4F7556}") = "Pretest_EAP2", "Pretest_EAP2\Pretest_EAP2.csproj", "{E0B77385-8147-4670-BCBA-790086C0B64D}"
EndProject
Project("{9A19103F-16F7-4668-BE54-9A1E7A4F7556}") = "Pretest_EAP2WEBAPP", "Pretest_EAP2WEBAPP\Pretest_EAP2WEBAPP.csproj", "{B05F2C02-EB3C-4403-B71C-1B9D8F085FF1}"
EndProject
Project("{FAE04EC0-301F-11D3-BF4B-00C04F79EFBC}") = "Pretest_EAP2WCF", "Pretest_EAP2WCF\Pretest_EAP2WCF.csproj", "{80E4DE70-AE77-4784-ADB0-E7D752337CFE}"
EndProject
Project("{FAE04EC0-301F-11D3-BF4B-00C04F79EFBC}") = "Lab8WCF", "Lab8WCF\Lab8WCF.csproj", "{52CFDE0B-B550-4E91-B000-E06361C945D5}"
EndProject
Project("{9A19103F-16F7-4668-BE54-9A1E7A4F7556}") = "Lab8AppWeb", "Lab8AppWeb\Lab8AppWeb.csproj", "{F30524B1-15B4-4F41-98AD-B8E25E919973}"
EndProject
Project("{9A19103F-16F7-4668-BE54-9A1E7A4F7556}") = "Lab9DLL", "Lab9DLL\Lab9DLL.csproj", "{8AD0A6B0-CDCE-4BF2-8050-8C1F0C3AAAC6}"
EndProject
Project("{9A19103F-16F7-4668-BE54-9A1E7A4F7556}") = "Lab9API", "Lab9API\Lab9API.csproj", "{4108F9B0-A487-4EFD-A8B2-8095F87D6BE6}"
EndProject
Project("{9A19103F-16F7-4668-BE54-9A1E7A4F7556}") = "Lab9APP", "Lab9APP\Lab9APP.csproj", "{A2C13604-C040-447A-B548-9F478E71C45D}"
EndProject
Project("{FAE04EC0-301F-11D3-BF4B-00C04F79EFBC}") = "WCF", "WCF\WCF.csproj", "{94F74680-4679-492A-A735-CA09CFC52616}"
EndProject
Project("{FAE04EC0-301F-11D3-BF4B-00C04F79EFBC}") = "WCFAPP", "WCFAPP\WCFAPP.csproj", "{7CC836EB-11C3-4E36-9070-01F797DE0A3D}"
EndProject
Global
	GlobalSection(SolutionConfigurationPlatforms) = preSolution
		Debug|Any CPU = Debug|Any CPU
		Release|Any CPU = Release|Any CPU
	EndGlobalSection
	GlobalSection(ProjectConfigurationPlatforms) = postSolution
		{DE44183F-AC07-4ECB-A493-E17FC6AC7F27}.Debug|Any CPU.ActiveCfg = Debug|Any CPU
		{DE44183F-AC07-4ECB-A493-E17FC6AC7F27}.Debug|Any CPU.Build.0 = Debug|Any CPU
		{DE44183F-AC07-4ECB-A493-E17FC6AC7F27}.Release|Any CPU.ActiveCfg = Release|Any CPU
		{DE44183F-AC07-4ECB-A493-E17FC6AC7F27}.Release|Any CPU.Build.0 = Release|Any CPU
		{5FE2A5D4-233D-4774-BC75-18BC4B018223}.Debug|Any CPU.ActiveCfg = Debug|Any CPU
		{5FE2A5D4-233D-4774-BC75-18BC4B018223}.Debug|Any CPU.Build.0 = Debug|Any CPU
		{5FE2A5D4-233D-4774-BC75-18BC4B018223}.Release|Any CPU.ActiveCfg = Release|Any CPU
		{5FE2A5D4-233D-4774-BC75-18BC4B018223}.Release|Any CPU.Build.0 = Release|Any CPU
		{A7686665-A0D4-488A-9E98-BA474ABC0701}.Debug|Any CPU.ActiveCfg = Debug|Any CPU
		{A7686665-A0D4-488A-9E98-BA474ABC0701}.Debug|Any CPU.Build.0 = Debug|Any CPU
		{A7686665-A0D4-488A-9E98-BA474ABC0701}.Release|Any CPU.ActiveCfg = Release|Any CPU
		{A7686665-A0D4-488A-9E98-BA474ABC0701}.Release|Any CPU.Build.0 = Release|Any CPU
		{805CD018-3323-4895-A71C-3EC644792490}.Debug|Any CPU.ActiveCfg = Debug|Any CPU
		{805CD018-3323-4895-A71C-3EC644792490}.Debug|Any CPU.Build.0 = Debug|Any CPU
		{805CD018-3323-4895-A71C-3EC644792490}.Release|Any CPU.ActiveCfg = Release|Any CPU
		{805CD018-3323-4895-A71C-3EC644792490}.Release|Any CPU.Build.0 = Release|Any CPU
		{1E506E6B-0F1E-4E26-9B2F-D1E540C86BCC}.Debug|Any CPU.ActiveCfg = Debug|Any CPU
		{1E506E6B-0F1E-4E26-9B2F-D1E540C86BCC}.Debug|Any CPU.Build.0 = Debug|Any CPU
		{1E506E6B-0F1E-4E26-9B2F-D1E540C86BCC}.Release|Any CPU.ActiveCfg = Release|Any CPU
		{1E506E6B-0F1E-4E26-9B2F-D1E540C86BCC}.Release|Any CPU.Build.0 = Release|Any CPU
		{FB036989-73E0-4EEA-B61B-083479648517}.Debug|Any CPU.ActiveCfg = Debug|Any CPU
		{FB036989-73E0-4EEA-B61B-083479648517}.Debug|Any CPU.Build.0 = Debug|Any CPU
		{FB036989-73E0-4EEA-B61B-083479648517}.Release|Any CPU.ActiveCfg = Release|Any CPU
		{FB036989-73E0-4EEA-B61B-083479648517}.Release|Any CPU.Build.0 = Release|Any CPU
		{BF74B827-3DBE-4937-9459-D8815C45520B}.Debug|Any CPU.ActiveCfg = Debug|Any CPU
		{BF74B827-3DBE-4937-9459-D8815C45520B}.Debug|Any CPU.Build.0 = Debug|Any CPU
		{BF74B827-3DBE-4937-9459-D8815C45520B}.Release|Any CPU.ActiveCfg = Release|Any CPU
		{BF74B827-3DBE-4937-9459-D8815C45520B}.Release|Any CPU.Build.0 = Release|Any CPU
		{A5DABC5B-F2DB-4D35-BDAC-E3309D86501A}.Debug|Any CPU.ActiveCfg = Debug|Any CPU
		{A5DABC5B-F2DB-4D35-BDAC-E3309D86501A}.Debug|Any CPU.Build.0 = Debug|Any CPU
		{A5DABC5B-F2DB-4D35-BDAC-E3309D86501A}.Release|Any CPU.ActiveCfg = Release|Any CPU
		{A5DABC5B-F2DB-4D35-BDAC-E3309D86501A}.Release|Any CPU.Build.0 = Release|Any CPU
		{D16D04B1-0166-47C2-9EC0-08D036B36A1E}.Debug|Any CPU.ActiveCfg = Debug|Any CPU
		{D16D04B1-0166-47C2-9EC0-08D036B36A1E}.Debug|Any CPU.Build.0 = Debug|Any CPU
		{D16D04B1-0166-47C2-9EC0-08D036B36A1E}.Release|Any CPU.ActiveCfg = Release|Any CPU
		{D16D04B1-0166-47C2-9EC0-08D036B36A1E}.Release|Any CPU.Build.0 = Release|Any CPU
		{EB7B8B8C-8511-4E83-8F6B-74BA55CC418A}.Debug|Any CPU.ActiveCfg = Debug|Any CPU
		{EB7B8B8C-8511-4E83-8F6B-74BA55CC418A}.Debug|Any CPU.Build.0 = Debug|Any CPU
		{EB7B8B8C-8511-4E83-8F6B-74BA55CC418A}.Release|Any CPU.ActiveCfg = Release|Any CPU
		{EB7B8B8C-8511-4E83-8F6B-74BA55CC418A}.Release|Any CPU.Build.0 = Release|Any CPU
		{754F2704-1E57-41D7-A693-52527E6FED8E}.Debug|Any CPU.ActiveCfg = Debug|Any CPU
		{754F2704-1E57-41D7-A693-52527E6FED8E}.Debug|Any CPU.Build.0 = Debug|Any CPU
		{754F2704-1E57-41D7-A693-52527E6FED8E}.Release|Any CPU.ActiveCfg = Release|Any CPU
		{754F2704-1E57-41D7-A693-52527E6FED8E}.Release|Any CPU.Build.0 = Release|Any CPU
		{CCE37667-232A-49A9-AF0D-C752E3E4ADBC}.Debug|Any CPU.ActiveCfg = Debug|Any CPU
		{CCE37667-232A-49A9-AF0D-C752E3E4ADBC}.Debug|Any CPU.Build.0 = Debug|Any CPU
		{CCE37667-232A-49A9-AF0D-C752E3E4ADBC}.Release|Any CPU.ActiveCfg = Release|Any CPU
		{CCE37667-232A-49A9-AF0D-C752E3E4ADBC}.Release|Any CPU.Build.0 = Release|Any CPU
		{258F0F56-0E47-4F43-AACE-6935C62A2CEF}.Debug|Any CPU.ActiveCfg = Debug|Any CPU
		{258F0F56-0E47-4F43-AACE-6935C62A2CEF}.Debug|Any CPU.Build.0 = Debug|Any CPU
		{258F0F56-0E47-4F43-AACE-6935C62A2CEF}.Release|Any CPU.ActiveCfg = Release|Any CPU
		{258F0F56-0E47-4F43-AACE-6935C62A2CEF}.Release|Any CPU.Build.0 = Release|Any CPU
		{4B06EA18-7585-4009-902A-2245139241C2}.Debug|Any CPU.ActiveCfg = Debug|Any CPU
		{4B06EA18-7585-4009-902A-2245139241C2}.Debug|Any CPU.Build.0 = Debug|Any CPU
		{4B06EA18-7585-4009-902A-2245139241C2}.Release|Any CPU.ActiveCfg = Release|Any CPU
		{4B06EA18-7585-4009-902A-2245139241C2}.Release|Any CPU.Build.0 = Release|Any CPU
		{4C8AE7AF-E216-45B1-AF4B-FEA3D320C53F}.Debug|Any CPU.ActiveCfg = Debug|Any CPU
		{4C8AE7AF-E216-45B1-AF4B-FEA3D320C53F}.Debug|Any CPU.Build.0 = Debug|Any CPU
		{4C8AE7AF-E216-45B1-AF4B-FEA3D320C53F}.Release|Any CPU.ActiveCfg = Release|Any CPU
		{4C8AE7AF-E216-45B1-AF4B-FEA3D320C53F}.Release|Any CPU.Build.0 = Release|Any CPU
		{4C47F366-4E3D-4100-80C0-D62D30219B8B}.Debug|Any CPU.ActiveCfg = Debug|Any CPU
		{4C47F366-4E3D-4100-80C0-D62D30219B8B}.Debug|Any CPU.Build.0 = Debug|Any CPU
		{4C47F366-4E3D-4100-80C0-D62D30219B8B}.Release|Any CPU.ActiveCfg = Release|Any CPU
		{4C47F366-4E3D-4100-80C0-D62D30219B8B}.Release|Any CPU.Build.0 = Release|Any CPU
		{2B22CFFB-4058-40E6-941C-2C9A6FC6EAC2}.Debug|Any CPU.ActiveCfg = Debug|Any CPU
		{2B22CFFB-4058-40E6-941C-2C9A6FC6EAC2}.Debug|Any CPU.Build.0 = Debug|Any CPU
		{2B22CFFB-4058-40E6-941C-2C9A6FC6EAC2}.Release|Any CPU.ActiveCfg = Release|Any CPU
		{2B22CFFB-4058-40E6-941C-2C9A6FC6EAC2}.Release|Any CPU.Build.0 = Release|Any CPU
		{E0B77385-8147-4670-BCBA-790086C0B64D}.Debug|Any CPU.ActiveCfg = Debug|Any CPU
		{E0B77385-8147-4670-BCBA-790086C0B64D}.Debug|Any CPU.Build.0 = Debug|Any CPU
		{E0B77385-8147-4670-BCBA-790086C0B64D}.Release|Any CPU.ActiveCfg = Release|Any CPU
		{E0B77385-8147-4670-BCBA-790086C0B64D}.Release|Any CPU.Build.0 = Release|Any CPU
		{B05F2C02-EB3C-4403-B71C-1B9D8F085FF1}.Debug|Any CPU.ActiveCfg = Debug|Any CPU
		{B05F2C02-EB3C-4403-B71C-1B9D8F085FF1}.Debug|Any CPU.Build.0 = Debug|Any CPU
		{B05F2C02-EB3C-4403-B71C-1B9D8F085FF1}.Release|Any CPU.ActiveCfg = Release|Any CPU
		{B05F2C02-EB3C-4403-B71C-1B9D8F085FF1}.Release|Any CPU.Build.0 = Release|Any CPU
		{80E4DE70-AE77-4784-ADB0-E7D752337CFE}.Debug|Any CPU.ActiveCfg = Debug|Any CPU
		{80E4DE70-AE77-4784-ADB0-E7D752337CFE}.Debug|Any CPU.Build.0 = Debug|Any CPU
		{80E4DE70-AE77-4784-ADB0-E7D752337CFE}.Release|Any CPU.ActiveCfg = Release|Any CPU
		{80E4DE70-AE77-4784-ADB0-E7D752337CFE}.Release|Any CPU.Build.0 = Release|Any CPU
		{52CFDE0B-B550-4E91-B000-E06361C945D5}.Debug|Any CPU.ActiveCfg = Debug|Any CPU
		{52CFDE0B-B550-4E91-B000-E06361C945D5}.Debug|Any CPU.Build.0 = Debug|Any CPU
		{52CFDE0B-B550-4E91-B000-E06361C945D5}.Release|Any CPU.ActiveCfg = Release|Any CPU
		{52CFDE0B-B550-4E91-B000-E06361C945D5}.Release|Any CPU.Build.0 = Release|Any CPU
		{F30524B1-15B4-4F41-98AD-B8E25E919973}.Debug|Any CPU.ActiveCfg = Debug|Any CPU
		{F30524B1-15B4-4F41-98AD-B8E25E919973}.Debug|Any CPU.Build.0 = Debug|Any CPU
		{F30524B1-15B4-4F41-98AD-B8E25E919973}.Release|Any CPU.ActiveCfg = Release|Any CPU
		{F30524B1-15B4-4F41-98AD-B8E25E919973}.Release|Any CPU.Build.0 = Release|Any CPU
		{8AD0A6B0-CDCE-4BF2-8050-8C1F0C3AAAC6}.Debug|Any CPU.ActiveCfg = Debug|Any CPU
		{8AD0A6B0-CDCE-4BF2-8050-8C1F0C3AAAC6}.Debug|Any CPU.Build.0 = Debug|Any CPU
		{8AD0A6B0-CDCE-4BF2-8050-8C1F0C3AAAC6}.Release|Any CPU.ActiveCfg = Release|Any CPU
		{8AD0A6B0-CDCE-4BF2-8050-8C1F0C3AAAC6}.Release|Any CPU.Build.0 = Release|Any CPU
		{4108F9B0-A487-4EFD-A8B2-8095F87D6BE6}.Debug|Any CPU.ActiveCfg = Debug|Any CPU
		{4108F9B0-A487-4EFD-A8B2-8095F87D6BE6}.Debug|Any CPU.Build.0 = Debug|Any CPU
		{4108F9B0-A487-4EFD-A8B2-8095F87D6BE6}.Release|Any CPU.ActiveCfg = Release|Any CPU
		{4108F9B0-A487-4EFD-A8B2-8095F87D6BE6}.Release|Any CPU.Build.0 = Release|Any CPU
		{A2C13604-C040-447A-B548-9F478E71C45D}.Debug|Any CPU.ActiveCfg = Debug|Any CPU
		{A2C13604-C040-447A-B548-9F478E71C45D}.Debug|Any CPU.Build.0 = Debug|Any CPU
		{A2C13604-C040-447A-B548-9F478E71C45D}.Release|Any CPU.ActiveCfg = Release|Any CPU
		{A2C13604-C040-447A-B548-9F478E71C45D}.Release|Any CPU.Build.0 = Release|Any CPU
		{94F74680-4679-492A-A735-CA09CFC52616}.Debug|Any CPU.ActiveCfg = Debug|Any CPU
		{94F74680-4679-492A-A735-CA09CFC52616}.Debug|Any CPU.Build.0 = Debug|Any CPU
		{94F74680-4679-492A-A735-CA09CFC52616}.Release|Any CPU.ActiveCfg = Release|Any CPU
		{94F74680-4679-492A-A735-CA09CFC52616}.Release|Any CPU.Build.0 = Release|Any CPU
		{7CC836EB-11C3-4E36-9070-01F797DE0A3D}.Debug|Any CPU.ActiveCfg = Debug|Any CPU
		{7CC836EB-11C3-4E36-9070-01F797DE0A3D}.Debug|Any CPU.Build.0 = Debug|Any CPU
		{7CC836EB-11C3-4E36-9070-01F797DE0A3D}.Release|Any CPU.ActiveCfg = Release|Any CPU
		{7CC836EB-11C3-4E36-9070-01F797DE0A3D}.Release|Any CPU.Build.0 = Release|Any CPU
	EndGlobalSection
	GlobalSection(SolutionProperties) = preSolution
		HideSolutionNode = FALSE
	EndGlobalSection
	GlobalSection(ExtensibilityGlobals) = postSolution
		SolutionGuid = {F56F601E-3577-4FFC-9629-B334C2609281}
	EndGlobalSection
EndGlobal
